{
  "lockfileVersion": 1,
  "configVersion": 1,
  "workspaces": {
    "": {
      "name": "@ai-eng-system/core",
      "devDependencies": {
        "@types/node": "^25.6.0",
        "typescript": "^6.0.2",
      },
    },
  },
  "packages": {
    "@types/node": ["@types/node@25.6.0", "", { "dependencies": { "undici-types": "~7.19.0" } }, "sha512-+qIYRKdNYJwY3vRCZMdJbPLJAtGjQBudzZzdzwQYkEPQd+PJGixUL5QfvCLDaULoLv+RhT3LDkwEfKaAkgSmNQ=="],

    "typescript": ["typescript@6.0.2", "", { "bin": { "tsc": "bin/tsc", "tsserver": "bin/tsserver" } }, "sha512-bGdAIrZ0wiGDo5l8c++HWtbaNCWTS4UTv7RaTH/ThVIgjkveJt83m74bBHMJkuCbslY8ixgLBVZJIOiQlQTjfQ=="],

    "undici-types": ["undici-types@7.19.0", "", {}, "sha512-Rjk2OWDZf2eiXVQjY2HyE3XPjqW/wXnSZq0QkOsPKZEnaetNNBObTp91LYfGdB8hRbRZk4HFcM/cONw452B0AQ=="],
  }
}
